
Microsoft Visual Studio Solution File, Format Version 12.00
# Visual Studio Version 16
VisualStudioVersion = 16.0.30523.141
MinimumVisualStudioVersion = 10.0.40219.1
Project("{9A19103F-16F7-4668-BE54-9A1E7A4F7556}") = "RealPromo.ApiWeb", "RealPromo.ApiWeb\RealPromo.ApiWeb.csproj", "{20DDB411-63D7-4395-BF17-6D1FB5E94D97}"
EndProject
Project("{FAE04EC0-301F-11D3-BF4B-00C04F79EFBC}") = "RealPromo.UWP", "RealPromo\RealPromo.UWP\RealPromo.UWP.csproj", "{CB9562CD-57F8-4826-99EB-733C098BD1E3}"
EndProject
Project("{FAE04EC0-301F-11D3-BF4B-00C04F79EFBC}") = "RealPromo.Android", "RealPromo\RealPromo.Android\RealPromo.Android.csproj", "{0E4809F2-17FB-4080-B802-415ABA5250CC}"
EndProject
Project("{FAE04EC0-301F-11D3-BF4B-00C04F79EFBC}") = "RealPromo.iOS", "RealPromo\RealPromo.iOS\RealPromo.iOS.csproj", "{C9E83E2C-09E6-4D69-A530-901177B5243D}"
EndProject
Project("{FAE04EC0-301F-11D3-BF4B-00C04F79EFBC}") = "RealPromo", "RealPromo\RealPromo\RealPromo.csproj", "{B0E640E1-938F-470F-857D-A3D53E78E812}"
EndProject
Global
	GlobalSection(SolutionConfigurationPlatforms) = preSolution
		Debug|Any CPU = Debug|Any CPU
		Debug|ARM = Debug|ARM
		Debug|iPhone = Debug|iPhone
		Debug|iPhoneSimulator = Debug|iPhoneSimulator
		Debug|x64 = Debug|x64
		Debug|x86 = Debug|x86
		Release|Any CPU = Release|Any CPU
		Release|ARM = Release|ARM
		Release|iPhone = Release|iPhone
		Release|iPhoneSimulator = Release|iPhoneSimulator
		Release|x64 = Release|x64
		Release|x86 = Release|x86
	EndGlobalSection
	GlobalSection(ProjectConfigurationPlatforms) = postSolution
		{20DDB411-63D7-4395-BF17-6D1FB5E94D97}.Debug|Any CPU.ActiveCfg = Debug|Any CPU
		{20DDB411-63D7-4395-BF17-6D1FB5E94D97}.Debug|Any CPU.Build.0 = Debug|Any CPU
		{20DDB411-63D7-4395-BF17-6D1FB5E94D97}.Debug|ARM.ActiveCfg = Debug|Any CPU
		{20DDB411-63D7-4395-BF17-6D1FB5E94D97}.Debug|ARM.Build.0 = Debug|Any CPU
		{20DDB411-63D7-4395-BF17-6D1FB5E94D97}.Debug|iPhone.ActiveCfg = Debug|Any CPU
		{20DDB411-63D7-4395-BF17-6D1FB5E94D97}.Debug|iPhone.Build.0 = Debug|Any CPU
		{20DDB411-63D7-4395-BF17-6D1FB5E94D97}.Debug|iPhoneSimulator.ActiveCfg = Debug|Any CPU
		{20DDB411-63D7-4395-BF17-6D1FB5E94D97}.Debug|iPhoneSimulator.Build.0 = Debug|Any CPU
		{20DDB411-63D7-4395-BF17-6D1FB5E94D97}.Debug|x64.ActiveCfg = Debug|Any CPU
		{20DDB411-63D7-4395-BF17-6D1FB5E94D97}.Debug|x64.Build.0 = Debug|Any CPU
		{20DDB411-63D7-4395-BF17-6D1FB5E94D97}.Debug|x86.ActiveCfg = Debug|Any CPU
		{20DDB411-63D7-4395-BF17-6D1FB5E94D97}.Debug|x86.Build.0 = Debug|Any CPU
		{20DDB411-63D7-4395-BF17-6D1FB5E94D97}.Release|Any CPU.ActiveCfg = Release|Any CPU
		{20DDB411-63D7-4395-BF17-6D1FB5E94D97}.Release|Any CPU.Build.0 = Release|Any CPU
		{20DDB411-63D7-4395-BF17-6D1FB5E94D97}.Release|ARM.ActiveCfg = Release|Any CPU
		{20DDB411-63D7-4395-BF17-6D1FB5E94D97}.Release|ARM.Build.0 = Release|Any CPU
		{20DDB411-63D7-4395-BF17-6D1FB5E94D97}.Release|iPhone.ActiveCfg = Release|Any CPU
		{20DDB411-63D7-4395-BF17-6D1FB5E94D97}.Release|iPhone.Build.0 = Release|Any CPU
		{20DDB411-63D7-4395-BF17-6D1FB5E94D97}.Release|iPhoneSimulator.ActiveCfg = Release|Any CPU
		{20DDB411-63D7-4395-BF17-6D1FB5E94D97}.Release|iPhoneSimulator.Build.0 = Release|Any CPU
		{20DDB411-63D7-4395-BF17-6D1FB5E94D97}.Release|x64.ActiveCfg = Release|Any CPU
		{20DDB411-63D7-4395-BF17-6D1FB5E94D97}.Release|x64.Build.0 = Release|Any CPU
		{20DDB411-63D7-4395-BF17-6D1FB5E94D97}.Release|x86.ActiveCfg = Release|Any CPU
		{20DDB411-63D7-4395-BF17-6D1FB5E94D97}.Release|x86.Build.0 = Release|Any CPU
		{CB9562CD-57F8-4826-99EB-733C098BD1E3}.Debug|Any CPU.ActiveCfg = Debug|x86
		{CB9562CD-57F8-4826-99EB-733C098BD1E3}.Debug|ARM.ActiveCfg = Debug|ARM
		{CB9562CD-57F8-4826-99EB-733C098BD1E3}.Debug|ARM.Build.0 = Debug|ARM
		{CB9562CD-57F8-4826-99EB-733C098BD1E3}.Debug|ARM.Deploy.0 = Debug|ARM
		{CB9562CD-57F8-4826-99EB-733C098BD1E3}.Debug|iPhone.ActiveCfg = Debug|x86
		{CB9562CD-57F8-4826-99EB-733C098BD1E3}.Debug|iPhoneSimulator.ActiveCfg = Debug|x86
		{CB9562CD-57F8-4826-99EB-733C098BD1E3}.Debug|x64.ActiveCfg = Debug|x64
		{CB9562CD-57F8-4826-99EB-733C098BD1E3}.Debug|x64.Build.0 = Debug|x64
		{CB9562CD-57F8-4826-99EB-733C098BD1E3}.Debug|x64.Deploy.0 = Debug|x64
		{CB9562CD-57F8-4826-99EB-733C098BD1E3}.Debug|x86.ActiveCfg = Debug|x86
		{CB9562CD-57F8-4826-99EB-733C098BD1E3}.Debug|x86.Build.0 = Debug|x86
		{CB9562CD-57F8-4826-99EB-733C098BD1E3}.Debug|x86.Deploy.0 = Debug|x86
		{CB9562CD-57F8-4826-99EB-733C098BD1E3}.Release|Any CPU.ActiveCfg = Release|x86
		{CB9562CD-57F8-4826-99EB-733C098BD1E3}.Release|ARM.ActiveCfg = Release|ARM
		{CB9562CD-57F8-4826-99EB-733C098BD1E3}.Release|ARM.Build.0 = Release|ARM
		{CB9562CD-57F8-4826-99EB-733C098BD1E3}.Release|ARM.Deploy.0 = Release|ARM
		{CB9562CD-57F8-4826-99EB-733C098BD1E3}.Release|iPhone.ActiveCfg = Release|x86
		{CB9562CD-57F8-4826-99EB-733C098BD1E3}.Release|iPhoneSimulator.ActiveCfg = Release|x86
		{CB9562CD-57F8-4826-99EB-733C098BD1E3}.Release|x64.ActiveCfg = Release|x64
		{CB9562CD-57F8-4826-99EB-733C098BD1E3}.Release|x64.Build.0 = Release|x64
		{CB9562CD-57F8-4826-99EB-733C098BD1E3}.Release|x64.Deploy.0 = Release|x64
		{CB9562CD-57F8-4826-99EB-733C098BD1E3}.Release|x86.ActiveCfg = Release|x86
		{CB9562CD-57F8-4826-99EB-733C098BD1E3}.Release|x86.Build.0 = Release|x86
		{CB9562CD-57F8-4826-99EB-733C098BD1E3}.Release|x86.Deploy.0 = Release|x86
		{0E4809F2-17FB-4080-B802-415ABA5250CC}.Debug|Any CPU.ActiveCfg = Debug|Any CPU
		{0E4809F2-17FB-4080-B802-415ABA5250CC}.Debug|Any CPU.Build.0 = Debug|Any CPU
		{0E4809F2-17FB-4080-B802-415ABA5250CC}.Debug|Any CPU.Deploy.0 = Debug|Any CPU
		{0E4809F2-17FB-4080-B802-415ABA5250CC}.Debug|ARM.ActiveCfg = Debug|Any CPU
		{0E4809F2-17FB-4080-B802-415ABA5250CC}.Debug|ARM.Build.0 = Debug|Any CPU
		{0E4809F2-17FB-4080-B802-415ABA5250CC}.Debug|ARM.Deploy.0 = Debug|Any CPU
		{0E4809F2-17FB-4080-B802-415ABA5250CC}.Debug|iPhone.ActiveCfg = Debug|Any CPU
		{0E4809F2-17FB-4080-B802-415ABA5250CC}.Debug|iPhone.Build.0 = Debug|Any CPU
		{0E4809F2-17FB-4080-B802-415ABA5250CC}.Debug|iPhone.Deploy.0 = Debug|Any CPU
		{0E4809F2-17FB-4080-B802-415ABA5250CC}.Debug|iPhoneSimulator.ActiveCfg = Debug|Any CPU
		{0E4809F2-17FB-4080-B802-415ABA5250CC}.Debug|iPhoneSimulator.Build.0 = Debug|Any CPU
		{0E4809F2-17FB-4080-B802-415ABA5250CC}.Debug|iPhoneSimulator.Deploy.0 = Debug|Any CPU
		{0E4809F2-17FB-4080-B802-415ABA5250CC}.Debug|x64.ActiveCfg = Debug|Any CPU
		{0E4809F2-17FB-4080-B802-415ABA5250CC}.Debug|x64.Build.0 = Debug|Any CPU
		{0E4809F2-17FB-4080-B802-415ABA5250CC}.Debug|x64.Deploy.0 = Debug|Any CPU
		{0E4809F2-17FB-4080-B802-415ABA5250CC}.Debug|x86.ActiveCfg = Debug|Any CPU
		{0E4809F2-17FB-4080-B802-415ABA5250CC}.Debug|x86.Build.0 = Debug|Any CPU
		{0E4809F2-17FB-4080-B802-415ABA5250CC}.Debug|x86.Deploy.0 = Debug|Any CPU
		{0E4809F2-17FB-4080-B802-415ABA5250CC}.Release|Any CPU.ActiveCfg = Release|Any CPU
		{0E4809F2-17FB-4080-B802-415ABA5250CC}.Release|Any CPU.Build.0 = Release|Any CPU
		{0E4809F2-17FB-4080-B802-415ABA5250CC}.Release|Any CPU.Deploy.0 = Release|Any CPU
		{0E4809F2-17FB-4080-B802-415ABA5250CC}.Release|ARM.ActiveCfg = Release|Any CPU
		{0E4809F2-17FB-4080-B802-415ABA5250CC}.Release|ARM.Build.0 = Release|Any CPU
		{0E4809F2-17FB-4080-B802-415ABA5250CC}.Release|ARM.Deploy.0 = Release|Any CPU
		{0E4809F2-17FB-4080-B802-415ABA5250CC}.Release|iPhone.ActiveCfg = Release|Any CPU
		{0E4809F2-17FB-4080-B802-415ABA5250CC}.Release|iPhone.Build.0 = Release|Any CPU
		{0E4809F2-17FB-4080-B802-415ABA5250CC}.Release|iPhone.Deploy.0 = Release|Any CPU
		{0E4809F2-17FB-4080-B802-415ABA5250CC}.Release|iPhoneSimulator.ActiveCfg = Release|Any CPU
		{0E4809F2-17FB-4080-B802-415ABA5250CC}.Release|iPhoneSimulator.Build.0 = Release|Any CPU
		{0E4809F2-17FB-4080-B802-415ABA5250CC}.Release|iPhoneSimulator.Deploy.0 = Release|Any CPU
		{0E4809F2-17FB-4080-B802-415ABA5250CC}.Release|x64.ActiveCfg = Release|Any CPU
		{0E4809F2-17FB-4080-B802-415ABA5250CC}.Release|x64.Build.0 = Release|Any CPU
		{0E4809F2-17FB-4080-B802-415ABA5250CC}.Release|x64.Deploy.0 = Release|Any CPU
		{0E4809F2-17FB-4080-B802-415ABA5250CC}.Release|x86.ActiveCfg = Release|Any CPU
		{0E4809F2-17FB-4080-B802-415ABA5250CC}.Release|x86.Build.0 = Release|Any CPU
		{0E4809F2-17FB-4080-B802-415ABA5250CC}.Release|x86.Deploy.0 = Release|Any CPU
		{C9E83E2C-09E6-4D69-A530-901177B5243D}.Debug|Any CPU.ActiveCfg = Debug|iPhoneSimulator
		{C9E83E2C-09E6-4D69-A530-901177B5243D}.Debug|ARM.ActiveCfg = Debug|iPhoneSimulator
		{C9E83E2C-09E6-4D69-A530-901177B5243D}.Debug|iPhone.ActiveCfg = Debug|iPhone
		{C9E83E2C-09E6-4D69-A530-901177B5243D}.Debug|iPhone.Build.0 = Debug|iPhone
		{C9E83E2C-09E6-4D69-A530-901177B5243D}.Debug|iPhoneSimulator.ActiveCfg = Debug|iPhoneSimulator
		{C9E83E2C-09E6-4D69-A530-901177B5243D}.Debug|iPhoneSimulator.Build.0 = Debug|iPhoneSimulator
		{C9E83E2C-09E6-4D69-A530-901177B5243D}.Debug|x64.ActiveCfg = Debug|iPhoneSimulator
		{C9E83E2C-09E6-4D69-A530-901177B5243D}.Debug|x86.ActiveCfg = Debug|iPhoneSimulator
		{C9E83E2C-09E6-4D69-A530-901177B5243D}.Release|Any CPU.ActiveCfg = Release|iPhoneSimulator
		{C9E83E2C-09E6-4D69-A530-901177B5243D}.Release|ARM.ActiveCfg = Release|iPhoneSimulator
		{C9E83E2C-09E6-4D69-A530-901177B5243D}.Release|iPhone.ActiveCfg = Release|iPhone
		{C9E83E2C-09E6-4D69-A530-901177B5243D}.Release|iPhone.Build.0 = Release|iPhone
		{C9E83E2C-09E6-4D69-A530-901177B5243D}.Release|iPhoneSimulator.ActiveCfg = Release|iPhoneSimulator
		{C9E83E2C-09E6-4D69-A530-901177B5243D}.Release|iPhoneSimulator.Build.0 = Release|iPhoneSimulator
		{C9E83E2C-09E6-4D69-A530-901177B5243D}.Release|x64.ActiveCfg = Release|iPhoneSimulator
		{C9E83E2C-09E6-4D69-A530-901177B5243D}.Release|x86.ActiveCfg = Release|iPhoneSimulator
		{B0E640E1-938F-470F-857D-A3D53E78E812}.Debug|Any CPU.ActiveCfg = Debug|Any CPU
		{B0E640E1-938F-470F-857D-A3D53E78E812}.Debug|Any CPU.Build.0 = Debug|Any CPU
		{B0E640E1-938F-470F-857D-A3D53E78E812}.Debug|ARM.ActiveCfg = Debug|Any CPU
		{B0E640E1-938F-470F-857D-A3D53E78E812}.Debug|ARM.Build.0 = Debug|Any CPU
		{B0E640E1-938F-470F-857D-A3D53E78E812}.Debug|iPhone.ActiveCfg = Debug|Any CPU
		{B0E640E1-938F-470F-857D-A3D53E78E812}.Debug|iPhone.Build.0 = Debug|Any CPU
		{B0E640E1-938F-470F-857D-A3D53E78E812}.Debug|iPhoneSimulator.ActiveCfg = Debug|Any CPU
		{B0E640E1-938F-470F-857D-A3D53E78E812}.Debug|iPhoneSimulator.Build.0 = Debug|Any CPU
		{B0E640E1-938F-470F-857D-A3D53E78E812}.Debug|x64.ActiveCfg = Debug|Any CPU
		{B0E640E1-938F-470F-857D-A3D53E78E812}.Debug|x64.Build.0 = Debug|Any CPU
		{B0E640E1-938F-470F-857D-A3D53E78E812}.Debug|x86.ActiveCfg = Debug|Any CPU
		{B0E640E1-938F-470F-857D-A3D53E78E812}.Debug|x86.Build.0 = Debug|Any CPU
		{B0E640E1-938F-470F-857D-A3D53E78E812}.Release|Any CPU.ActiveCfg = Release|Any CPU
		{B0E640E1-938F-470F-857D-A3D53E78E812}.Release|Any CPU.Build.0 = Release|Any CPU
		{B0E640E1-938F-470F-857D-A3D53E78E812}.Release|ARM.ActiveCfg = Release|Any CPU
		{B0E640E1-938F-470F-857D-A3D53E78E812}.Release|ARM.Build.0 = Release|Any CPU
		{B0E640E1-938F-470F-857D-A3D53E78E812}.Release|iPhone.ActiveCfg = Release|Any CPU
		{B0E640E1-938F-470F-857D-A3D53E78E812}.Release|iPhone.Build.0 = Release|Any CPU
		{B0E640E1-938F-470F-857D-A3D53E78E812}.Release|iPhoneSimulator.ActiveCfg = Release|Any CPU
		{B0E640E1-938F-470F-857D-A3D53E78E812}.Release|iPhoneSimulator.Build.0 = Release|Any CPU
		{B0E640E1-938F-470F-857D-A3D53E78E812}.Release|x64.ActiveCfg = Release|Any CPU
		{B0E640E1-938F-470F-857D-A3D53E78E812}.Release|x64.Build.0 = Release|Any CPU
		{B0E640E1-938F-470F-857D-A3D53E78E812}.Release|x86.ActiveCfg = Release|Any CPU
		{B0E640E1-938F-470F-857D-A3D53E78E812}.Release|x86.Build.0 = Release|Any CPU
	EndGlobalSection
	GlobalSection(SolutionProperties) = preSolution
		HideSolutionNode = FALSE
	EndGlobalSection
	GlobalSection(ExtensibilityGlobals) = postSolution
		SolutionGuid = {F1BC972B-B478-4C3E-A120-F6D2917BDFEA}
	EndGlobalSection
EndGlobal
